
Microsoft Visual Studio Solution File, Format Version 12.00
# Visual Studio 15
VisualStudioVersion = 15.0.28307.271
MinimumVisualStudioVersion = 10.0.40219.1
Project("{FAE04EC0-301F-11D3-BF4B-00C04F79EFBC}") = "MBMaster", "MBMaster\MBMaster.csproj", "{B901FAD8-39B6-474F-9FC3-A3DF546DD295}"
EndProject
Project("{FAE04EC0-301F-11D3-BF4B-00C04F79EFBC}") = "MBSlave", "MBSlave\MBSlave.csproj", "{23CDFB2F-B9CD-430A-B307-10A24EB84A23}"
EndProject
Global
	GlobalSection(SolutionConfigurationPlatforms) = preSolution
		Debug|Any CPU = Debug|Any CPU
		Debug|x86 = Debug|x86
		Release|Any CPU = Release|Any CPU
		Release|x86 = Release|x86
	EndGlobalSection
	GlobalSection(ProjectConfigurationPlatforms) = postSolution
		{B901FAD8-39B6-474F-9FC3-A3DF546DD295}.Debug|Any CPU.ActiveCfg = Debug|x86
		{B901FAD8-39B6-474F-9FC3-A3DF546DD295}.Debug|Any CPU.Build.0 = Debug|x86
		{B901FAD8-39B6-474F-9FC3-A3DF546DD295}.Debug|x86.ActiveCfg = Debug|x86
		{B901FAD8-39B6-474F-9FC3-A3DF546DD295}.Debug|x86.Build.0 = Debug|x86
		{B901FAD8-39B6-474F-9FC3-A3DF546DD295}.Release|Any CPU.ActiveCfg = Release|Any CPU
		{B901FAD8-39B6-474F-9FC3-A3DF546DD295}.Release|Any CPU.Build.0 = Release|Any CPU
		{B901FAD8-39B6-474F-9FC3-A3DF546DD295}.Release|x86.ActiveCfg = Release|x86
		{B901FAD8-39B6-474F-9FC3-A3DF546DD295}.Release|x86.Build.0 = Release|x86
		{23CDFB2F-B9CD-430A-B307-10A24EB84A23}.Debug|Any CPU.ActiveCfg = Debug|x86
		{23CDFB2F-B9CD-430A-B307-10A24EB84A23}.Debug|Any CPU.Build.0 = Debug|x86
		{23CDFB2F-B9CD-430A-B307-10A24EB84A23}.Debug|x86.ActiveCfg = Debug|x86
		{23CDFB2F-B9CD-430A-B307-10A24EB84A23}.Debug|x86.Build.0 = Debug|x86
		{23CDFB2F-B9CD-430A-B307-10A24EB84A23}.Release|Any CPU.ActiveCfg = Release|Any CPU
		{23CDFB2F-B9CD-430A-B307-10A24EB84A23}.Release|Any CPU.Build.0 = Release|Any CPU
		{23CDFB2F-B9CD-430A-B307-10A24EB84A23}.Release|x86.ActiveCfg = Release|x86
		{23CDFB2F-B9CD-430A-B307-10A24EB84A23}.Release|x86.Build.0 = Release|x86
	EndGlobalSection
	GlobalSection(SolutionProperties) = preSolution
		HideSolutionNode = FALSE
	EndGlobalSection
	GlobalSection(ExtensibilityGlobals) = postSolution
		SolutionGuid = {1531ACBC-949D-459F-AF7B-264A4BE0F810}
	EndGlobalSection
EndGlobal
